PODS:
  - KProgressHUD (0.1.1):
    - SnapKit (~> 4.2.0)
  - SnapKit (4.2.0)

DEPENDENCIES:
  - KProgressHUD (from `../`)

SPEC REPOS:
  https://github.com/cocoapods/specs.git:
    - SnapKit

EXTERNAL SOURCES:
  KProgressHUD:
    :path: "../"

SPEC CHECKSUMS:
  KProgressHUD: 1c9b528827dc56874d3eb4d13f591a1ec2cd0ade
  SnapKit: fe8a619752f3f27075cc9a90244d75c6c3f27e2a

PODFILE CHECKSUM: dbcc4df2ea1a55d20ab9912e14bba1f31a6e125e

COCOAPODS: 1.6.0
