PODS:
  - KProgressHUD (1.0.3):
    - SnapKit (~> 4.2.0)
  - SnapKit (4.2.0)

DEPENDENCIES:
  - KProgressHUD (from `../`)

SPEC REPOS:
  https://github.com/CocoaPods/Specs.git:
    - SnapKit

EXTERNAL SOURCES:
  KProgressHUD:
    :path: "../"

SPEC CHECKSUMS:
  KProgressHUD: 2eb1046c95784def6d9e1200b646901689f90197
  SnapKit: fe8a619752f3f27075cc9a90244d75c6c3f27e2a

PODFILE CHECKSUM: dbcc4df2ea1a55d20ab9912e14bba1f31a6e125e

COCOAPODS: 1.8.4
